// !$*UTF8*$!
{
	archiveVersion = 1;
	classes = {
	};
	objectVersion = 77;
	objects = {

/* Begin PBXBuildFile section */
		080D89E52FBAF10000F2C000 /* Debug.xcconfig in Resources */ = {isa = PBXBuildFile; fileRef = 080D89E42FBAF10000F2C000 /* Debug.xcconfig */; };
		080D89E72FBAF10D00F2C000 /* Release.xcconfig in Resources */ = {isa = PBXBuildFile; fileRef = 080D89E62FBAF10D00F2C000 /* Release.xcconfig */; };
		083EAE132FC6CD050068C718 /* Local.xcconfig in Resources */ = {isa = PBXBuildFile; fileRef = 083EAE122FC6CCEF0068C718 /* Local.xcconfig */; };
/* End PBXBuildFile section */

/* Begin PBXContainerItemProxy section */
		082C155D2F971181005CF1FF /* PBXContainerItemProxy */ = {
			isa = PBXContainerItemProxy;
			containerPortal = 082C15472F97117F005CF1FF /* Project object */;
			proxyType = 1;
			remoteGlobalIDString = 082C154E2F97117F005CF1FF;
			remoteInfo = KadoZero;
		};
		082C15672F971181005CF1FF /* PBXContainerItemProxy */ = {
			isa = PBXContainerItemProxy;
			containerPortal = 082C15472F97117F005CF1FF /* Project object */;
			proxyType = 1;
			remoteGlobalIDString = 082C154E2F97117F005CF1FF;
			remoteInfo = KadoZero;
		};
/* End PBXContainerItemProxy section */

/* Begin PBXFileReference section */
		080D89E42FBAF10000F2C000 /* Debug.xcconfig */ = {isa = PBXFileReference; lastKnownFileType = text.xcconfig; path = Debug.xcconfig; sourceTree = "<group>"; };
		080D89E62FBAF10D00F2C000 /* Release.xcconfig */ = {isa = PBXFileReference; lastKnownFileType = text.xcconfig; path = Release.xcconfig; sourceTree = "<group>"; };
		082C154F2F97117F005CF1FF /* KadoZero.app */ = {isa = PBXFileReference; explicitFileType = wrapper.application; includeInIndex = 0; path = KadoZero.app; sourceTree = BUILT_PRODUCTS_DIR; };
		082C155C2F971181005CF1FF /* KadoZeroTests.xctest */ = {isa = PBXFileReference; explicitFileType = wrapper.cfbundle; includeInIndex = 0; path = KadoZeroTests.xctest; sourceTree = BUILT_PRODUCTS_DIR; };
		082C15662F971181005CF1FF /* KadoZeroUITests.xctest */ = {isa = PBXFileReference; explicitFileType = wrapper.cfbundle; includeInIndex = 0; path = KadoZeroUITests.xctest; sourceTree = BUILT_PRODUCTS_DIR; };
		083EAE122FC6CCEF0068C718 /* Local.xcconfig */ = {isa = PBXFileReference; lastKnownFileType = text.xcconfig; path = Local.xcconfig; sourceTree = "<group>"; };
/* End PBXFileReference section */

/* Begin PBXFileSystemSynchronizedBuildFileExceptionSet section */
		089EF5D52FC0482600BEE19A /* Exceptions for "KadoZero" folder in "KadoZero" target */ = {
			isa = PBXFileSystemSynchronizedBuildFileExceptionSet;
			membershipExceptions = (
				Info.plist,
			);
			target = 082C154E2F97117F005CF1FF /* KadoZero */;
		};
/* End PBXFileSystemSynchronizedBuildFileExceptionSet section */

/* Begin PBXFileSystemSynchronizedRootGroup section */
		082C15512F97117F005CF1FF /* KadoZero */ = {
			isa = PBXFileSystemSynchronizedRootGroup;
			exceptions = (
				089EF5D52FC0482600BEE19A /* Exceptions for "KadoZero" folder in "KadoZero" target */,
			);
			path = KadoZero;
			sourceTree = "<group>";
		};
		082C155F2F971181005CF1FF /* KadoZeroTests */ = {
			isa = PBXFileSystemSynchronizedRootGroup;
			path = KadoZeroTests;
			sourceTree = "<group>";
		};
		082C15692F971181005CF1FF /* KadoZeroUITests */ = {
			isa = PBXFileSystemSynchronizedRootGroup;
			path = KadoZeroUITests;
			sourceTree = "<group>";
		};
/* End PBXFileSystemSynchronizedRootGroup section */

/* Begin PBXFrameworksBuildPhase section */
		082C154C2F97117F005CF1FF /* Frameworks */ = {
			isa = PBXFrameworksBuildPhase;
			buildActionMask = 2147483647;
			files = (
			);
			runOnlyForDeploymentPostprocessing = 0;
		};
		082C15592F971181005CF1FF /* Frameworks */ = {
			isa = PBXFrameworksBuildPhase;
			buildActionMask = 2147483647;
			files = (
			);
			runOnlyForDeploymentPostprocessing = 0;
		};
		082C15632F971181005CF1FF /* Frameworks */ = {
			isa = PBXFrameworksBuildPhase;
			buildActionMask = 2147483647;
			files = (
			);
			runOnlyForDeploymentPostprocessing = 0;
		};
/* End PBXFrameworksBuildPhase section */

/* Begin PBXGroup section */
		082C15462F97117F005CF1FF = {
			isa = PBXGroup;
			children = (
				082C15512F97117F005CF1FF /* KadoZero */,
				082C155F2F971181005CF1FF /* KadoZeroTests */,
				082C15692F971181005CF1FF /* KadoZeroUITests */,
				082C15502F97117F005CF1FF /* Products */,
				080D89E42FBAF10000F2C000 /* Debug.xcconfig */,
				080D89E62FBAF10D00F2C000 /* Release.xcconfig */,
				083EAE122FC6CCEF0068C718 /* Local.xcconfig */,
			);
			sourceTree = "<group>";
		};
		082C15502F97117F005CF1FF /* Products */ = {
			isa = PBXGroup;
			children = (
				082C154F2F97117F005CF1FF /* KadoZero.app */,
				082C155C2F971181005CF1FF /* KadoZeroTests.xctest */,
				082C15662F971181005CF1FF /* KadoZeroUITests.xctest */,
			);
			name = Products;
			sourceTree = "<group>";
		};
/* End PBXGroup section */

/* Begin PBXNativeTarget section */
		082C154E2F97117F005CF1FF /* KadoZero */ = {
			isa = PBXNativeTarget;
			buildConfigurationList = 082C15702F971181005CF1FF /* Build configuration list for PBXNativeTarget "KadoZero" */;
			buildPhases = (
				082C154B2F97117F005CF1FF /* Sources */,
				082C154C2F97117F005CF1FF /* Frameworks */,
				082C154D2F97117F005CF1FF /* Resources */,
			);
			buildRules = (
			);
			dependencies = (
			);
			fileSystemSynchronizedGroups = (
				082C15512F97117F005CF1FF /* KadoZero */,
			);
			name = KadoZero;
			packageProductDependencies = (
			);
			productName = KadoZero;
			productReference = 082C154F2F97117F005CF1FF /* KadoZero.app */;
			productType = "com.apple.product-type.application";
		};
		082C155B2F971181005CF1FF /* KadoZeroTests */ = {
			isa = PBXNativeTarget;
			buildConfigurationList = 082C15732F971181005CF1FF /* Build configuration list for PBXNativeTarget "KadoZeroTests" */;
			buildPhases = (
				082C15582F971181005CF1FF /* Sources */,
				082C15592F971181005CF1FF /* Frameworks */,
				082C155A2F971181005CF1FF /* Resources */,
			);
			buildRules = (
			);
			dependencies = (
				082C155E2F971181005CF1FF /* PBXTargetDependency */,
			);
			fileSystemSynchronizedGroups = (
				082C155F2F971181005CF1FF /* KadoZeroTests */,
			);
			name = KadoZeroTests;
			packageProductDependencies = (
			);
			productName = KadoZeroTests;
			productReference = 082C155C2F971181005CF1FF /* KadoZeroTests.xctest */;
			productType = "com.apple.product-type.bundle.unit-test";
		};
		082C15652F971181005CF1FF /* KadoZeroUITests */ = {
			isa = PBXNativeTarget;
			buildConfigurationList = 082C15762F971181005CF1FF /* Build configuration list for PBXNativeTarget "KadoZeroUITests" */;
			buildPhases = (
				082C15622F971181005CF1FF /* Sources */,
				082C15632F971181005CF1FF /* Frameworks */,
				082C15642F971181005CF1FF /* Resources */,
			);
			buildRules = (
			);
			dependencies = (
				082C15682F971181005CF1FF /* PBXTargetDependency */,
			);
			fileSystemSynchronizedGroups = (
				082C15692F971181005CF1FF /* KadoZeroUITests */,
			);
			name = KadoZeroUITests;
			packageProductDependencies = (
			);
			productName = KadoZeroUITests;
			productReference = 082C15662F971181005CF1FF /* KadoZeroUITests.xctest */;
			productType = "com.apple.product-type.bundle.ui-testing";
		};
/* End PBXNativeTarget section */

/* Begin PBXProject section */
		082C15472F97117F005CF1FF /* Project object */ = {
			isa = PBXProject;
			attributes = {
				BuildIndependentTargetsInParallel = 1;
				LastSwiftUpdateCheck = 2630;
				LastUpgradeCheck = 2630;
				TargetAttributes = {
					082C154E2F97117F005CF1FF = {
						CreatedOnToolsVersion = 26.3;
					};
					082C155B2F971181005CF1FF = {
						CreatedOnToolsVersion = 26.3;
						TestTargetID = 082C154E2F97117F005CF1FF;
					};
					082C15652F971181005CF1FF = {
						CreatedOnToolsVersion = 26.3;
						TestTargetID = 082C154E2F97117F005CF1FF;
					};
				};
			};
			buildConfigurationList = 082C154A2F97117F005CF1FF /* Build configuration list for PBXProject "KadoZero" */;
			developmentRegion = en;
			hasScannedForEncodings = 0;
			knownRegions = (
				en,
				Base,
			);
			mainGroup = 082C15462F97117F005CF1FF;
			minimizedProjectReferenceProxies = 1;
			preferredProjectObjectVersion = 77;
			productRefGroup = 082C15502F97117F005CF1FF /* Products */;
			projectDirPath = "";
			projectRoot = "";
			targets = (
				082C154E2F97117F005CF1FF /* KadoZero */,
				082C155B2F971181005CF1FF /* KadoZeroTests */,
				082C15652F971181005CF1FF /* KadoZeroUITests */,
			);
		};
/* End PBXProject section */

/* Begin PBXResourcesBuildPhase section */
		082C154D2F97117F005CF1FF /* Resources */ = {
			isa = PBXResourcesBuildPhase;
			buildActionMask = 2147483647;
			files = (
				083EAE132FC6CD050068C718 /* Local.xcconfig in Resources */,
				080D89E52FBAF10000F2C000 /* Debug.xcconfig in Resources */,
				080D89E72FBAF10D00F2C000 /* Release.xcconfig in Resources */,
			);
			runOnlyForDeploymentPostprocessing = 0;
		};
		082C155A2F971181005CF1FF /* Resources */ = {
			isa = PBXResourcesBuildPhase;
			buildActionMask = 2147483647;
			files = (
			);
			runOnlyForDeploymentPostprocessing = 0;
		};
		082C15642F971181005CF1FF /* Resources */ = {
			isa = PBXResourcesBuildPhase;
			buildActionMask = 2147483647;
			files = (
			);
			runOnlyForDeploymentPostprocessing = 0;
		};
/* End PBXResourcesBuildPhase section */

/* Begin PBXSourcesBuildPhase section */
		082C154B2F97117F005CF1FF /* Sources */ = {
			isa = PBXSourcesBuildPhase;
			buildActionMask = 2147483647;
			files = (
			);
			runOnlyForDeploymentPostprocessing = 0;
		};
		082C15582F971181005CF1FF /* Sources */ = {
			isa = PBXSourcesBuildPhase;
			buildActionMask = 2147483647;
			files = (
			);
			runOnlyForDeploymentPostprocessing = 0;
		};
		082C15622F971181005CF1FF /* Sources */ = {
			isa = PBXSourcesBuildPhase;
			buildActionMask = 2147483647;
			files = (
			);
			runOnlyForDeploymentPostprocessing = 0;
		};
/* End PBXSourcesBuildPhase section */

/* Begin PBXTargetDependency section */
		082C155E2F971181005CF1FF /* PBXTargetDependency */ = {
			isa = PBXTargetDependency;
			target = 082C154E2F97117F005CF1FF /* KadoZero */;
			targetProxy = 082C155D2F971181005CF1FF /* PBXContainerItemProxy */;
		};
		082C15682F971181005CF1FF /* PBXTargetDependency */ = {
			isa = PBXTargetDependency;
			target = 082C154E2F97117F005CF1FF /* KadoZero */;
			targetProxy = 082C15672F971181005CF1FF /* PBXContainerItemProxy */;
		};
/* End PBXTargetDependency section */

/* Begin XCBuildConfiguration section */
		082C156E2F971181005CF1FF /* Debug */ = {
			isa = XCBuildConfiguration;
			baseConfigurationReference = 080D89E42FBAF10000F2C000 /* Debug.xcconfig */;
			buildSettings = {
				ALWAYS_SEARCH_USER_PATHS = NO;
				ASSETCATALOG_COMPILER_GENERATE_SWIFT_ASSET_SYMBOL_EXTENSIONS = YES;
				CLANG_ANALYZER_NONNULL = YES;
				CLANG_ANALYZER_NUMBER_OBJECT_CONVERSION = YES_AGGRESSIVE;
				CLANG_CXX_LANGUAGE_STANDARD = "gnu++20";
				CLANG_ENABLE_MODULES = YES;
				CLANG_ENABLE_OBJC_ARC = YES;
				CLANG_ENABLE_OBJC_WEAK = YES;
				CLANG_WARN_BLOCK_CAPTURE_AUTORELEASING = YES;
				CLANG_WARN_BOOL_CONVERSION = YES;
				CLANG_WARN_COMMA = YES;
				CLANG_WARN_CONSTANT_CONVERSION = YES;
				CLANG_WARN_DEPRECATED_OBJC_IMPLEMENTATIONS = YES;
				CLANG_WARN_DIRECT_OBJC_ISA_USAGE = YES_ERROR;
				CLANG_WARN_DOCUMENTATION_COMMENTS = YES;
				CLANG_WARN_EMPTY_BODY = YES;
				CLANG_WARN_ENUM_CONVERSION = YES;
				CLANG_WARN_INFINITE_RECURSION = YES;
				CLANG_WARN_INT_CONVERSION = YES;
				CLANG_WARN_NON_LITERAL_NULL_CONVERSION = YES;
				CLANG_WARN_OBJC_IMPLICIT_RETAIN_SELF = YES;
				CLANG_WARN_OBJC_LITERAL_CONVERSION = YES;
				CLANG_WARN_OBJC_ROOT_CLASS = YES_ERROR;
				CLANG_WARN_QUOTED_INCLUDE_IN_FRAMEWORK_HEADER = YES;
				CLANG_WARN_RANGE_LOOP_ANALYSIS = YES;
				CLANG_WARN_STRICT_PROTOTYPES = YES;
				CLANG_WARN_SUSPICIOUS_MOVE = YES;
				CLANG_WARN_UNGUARDED_AVAILABILITY = YES_AGGRESSIVE;
				CLANG_WARN_UNREACHABLE_CODE = YES;
				CLANG_WARN__DUPLICATE_METHOD_MATCH = YES;
				COPY_PHASE_STRIP = NO;
				DEBUG_INFORMATION_FORMAT = dwarf;
				DEVELOPMENT_TEAM = 2LN7M6KTA4;
				ENABLE_STRICT_OBJC_MSGSEND = YES;
				ENABLE_TESTABILITY = YES;
				ENABLE_USER_SCRIPT_SANDBOXING = YES;
				GCC_C_LANGUAGE_STANDARD = gnu17;
				GCC_DYNAMIC_NO_PIC = NO;
				GCC_NO_COMMON_BLOCKS = YES;
				GCC_OPTIMIZATION_LEVEL = 0;
				GCC_PREPROCESSOR_DEFINITIONS = (
					"DEBUG=1",
					"$(inherited)",
				);
				GCC_WARN_64_TO_32_BIT_CONVERSION = YES;
				GCC_WARN_ABOUT_RETURN_TYPE = YES_ERROR;
				GCC_WARN_UNDECLARED_SELECTOR = YES;
				GCC_WARN_UNINITIALIZED_AUTOS = YES_AGGRESSIVE;
				GCC_WARN_UNUSED_FUNCTION = YES;
				GCC_WARN_UNUSED_VARIABLE = YES;
				IPHONEOS_DEPLOYMENT_TARGET = 26.2;
				LOCALIZATION_PREFERS_STRING_CATALOGS = YES;
				MTL_ENABLE_DEBUG_INFO = INCLUDE_SOURCE;
				MTL_FAST_MATH = YES;
				ONLY_ACTIVE_ARCH = YES;
				SDKROOT = iphoneos;
				SWIFT_ACTIVE_COMPILATION_CONDITIONS = "DEBUG $(inherited)";
				SWIFT_OPTIMIZATION_LEVEL = "-Onone";
			};
			name = Debug;
		};
		082C156F2F971181005CF1FF /* Release */ = {
			isa = XCBuildConfiguration;
			baseConfigurationReference = 080D89E62FBAF10D00F2C000 /* Release.xcconfig */;
			buildSettings = {
				ALWAYS_SEARCH_USER_PATHS = NO;
				ASSETCATALOG_COMPILER_GENERATE_SWIFT_ASSET_SYMBOL_EXTENSIONS = YES;
				CLANG_ANALYZER_NONNULL = YES;
				CLANG_ANALYZER_NUMBER_OBJECT_CONVERSION = YES_AGGRESSIVE;
				CLANG_CXX_LANGUAGE_STANDARD = "gnu++20";
				CLANG_ENABLE_MODULES = YES;
				CLANG_ENABLE_OBJC_ARC = YES;
				CLANG_ENABLE_OBJC_WEAK = YES;
				CLANG_WARN_BLOCK_CAPTURE_AUTORELEASING = YES;
				CLANG_WARN_BOOL_CONVERSION = YES;
				CLANG_WARN_COMMA = YES;
				CLANG_WARN_CONSTANT_CONVERSION = YES;
				CLANG_WARN_DEPRECATED_OBJC_IMPLEMENTATIONS = YES;
				CLANG_WARN_DIRECT_OBJC_ISA_USAGE = YES_ERROR;
				CLANG_WARN_DOCUMENTATION_COMMENTS = YES;
				CLANG_WARN_EMPTY_BODY = YES;
				CLANG_WARN_ENUM_CONVERSION = YES;
				CLANG_WARN_INFINITE_RECURSION = YES;
				CLANG_WARN_INT_CONVERSION = YES;
				CLANG_WARN_NON_LITERAL_NULL_CONVERSION = YES;
				CLANG_WARN_OBJC_IMPLICIT_RETAIN_SELF = YES;
				CLANG_WARN_OBJC_LITERAL_CONVERSION = YES;
				CLANG_WARN_OBJC_ROOT_CLASS = YES_ERROR;
				CLANG_WARN_QUOTED_INCLUDE_IN_FRAMEWORK_HEADER = YES;
				CLANG_WARN_RANGE_LOOP_ANALYSIS = YES;
				CLANG_WARN_STRICT_PROTOTYPES = YES;
				CLANG_WARN_SUSPICIOUS_MOVE = YES;
				CLANG_WARN_UNGUARDED_AVAILABILITY = YES_AGGRESSIVE;
				CLANG_WARN_UNREACHABLE_CODE = YES;
				CLANG_WARN__DUPLICATE_METHOD_MATCH = YES;
				COPY_PHASE_STRIP = NO;
				DEBUG_INFORMATION_FORMAT = "dwarf-with-dsym";
				DEVELOPMENT_TEAM = 2LN7M6KTA4;
				ENABLE_NS_ASSERTIONS = NO;
				ENABLE_STRICT_OBJC_MSGSEND = YES;
				ENABLE_USER_SCRIPT_SANDBOXING = YES;
				GCC_C_LANGUAGE_STANDARD = gnu17;
				GCC_NO_COMMON_BLOCKS = YES;
				GCC_WARN_64_TO_32_BIT_CONVERSION = YES;
				GCC_WARN_ABOUT_RETURN_TYPE = YES_ERROR;
				GCC_WARN_UNDECLARED_SELECTOR = YES;
				GCC_WARN_UNINITIALIZED_AUTOS = YES_AGGRESSIVE;
				GCC_WARN_UNUSED_FUNCTION = YES;
				GCC_WARN_UNUSED_VARIABLE = YES;
				IPHONEOS_DEPLOYMENT_TARGET = 26.2;
				LOCALIZATION_PREFERS_STRING_CATALOGS = YES;
				MTL_ENABLE_DEBUG_INFO = NO;
				MTL_FAST_MATH = YES;
				SDKROOT = iphoneos;
				SWIFT_COMPILATION_MODE = wholemodule;
				VALIDATE_PRODUCT = YES;
			};
			name = Release;
		};
		082C15712F971181005CF1FF /* Debug */ = {
			isa = XCBuildConfiguration;
			baseConfigurationReference = 080D89E42FBAF10000F2C000 /* Debug.xcconfig */;
			buildSettings = {
				ASSETCATALOG_COMPILER_APPICON_NAME = AppIcon;
				ASSETCATALOG_COMPILER_GLOBAL_ACCENT_COLOR_NAME = AccentColor;
				CODE_SIGN_STYLE = Automatic;
				CURRENT_PROJECT_VERSION = 1;
				DEVELOPMENT_TEAM = 2LN7M6KTA4;
				ENABLE_PREVIEWS = YES;
				GENERATE_INFOPLIST_FILE = YES;
				INFOPLIST_FILE = KadoZero/Info.plist;
				INFOPLIST_KEY_API_BASE_URL = "";
				INFOPLIST_KEY_UIApplicationSceneManifest_Generation = YES;
				INFOPLIST_KEY_UIApplicationSupportsIndirectInputEvents = YES;
				INFOPLIST_KEY_UILaunchScreen_Generation = YES;
				INFOPLIST_KEY_UISupportedInterfaceOrientations_iPad = "UIInterfaceOrientationPortrait UIInterfaceOrientationPortraitUpsideDown UIInterfaceOrientationLandscapeLeft UIInterfaceOrientationLandscapeRight";
				INFOPLIST_KEY_UISupportedInterfaceOrientations_iPhone = "UIInterfaceOrientationPortrait UIInterfaceOrientationLandscapeLeft UIInterfaceOrientationLandscapeRight";
				KADOZERO_API_BASE_URL = "https://kadozero-api.onrender.com";
				LD_RUNPATH_SEARCH_PATHS = (
					"$(inherited)",
					"@executable_path/Frameworks",
				);
				LIBRARY_SEARCH_PATHS = (
					"$(inherited)",
					"$(PROJECT_DIR)/backend/.venv/lib/python3.11/site-packages/pydantic_core",
				);
				MARKETING_VERSION = 1.0;
				PRODUCT_BUNDLE_IDENTIFIER = com.nishik.KadoZero;
				PRODUCT_NAME = "$(TARGET_NAME)";
				STRING_CATALOG_GENERATE_SYMBOLS = YES;
				SWIFT_APPROACHABLE_CONCURRENCY = YES;
				SWIFT_DEFAULT_ACTOR_ISOLATION = MainActor;
				SWIFT_EMIT_LOC_STRINGS = YES;
				SWIFT_UPCOMING_FEATURE_MEMBER_IMPORT_VISIBILITY = YES;
				SWIFT_VERSION = 5.0;
				TARGETED_DEVICE_FAMILY = "1,2";
			};
			name = Debug;
		};
		082C15722F971181005CF1FF /* Release */ = {
			isa = XCBuildConfiguration;
			baseConfigurationReference = 080D89E62FBAF10D00F2C000 /* Release.xcconfig */;
			buildSettings = {
				ASSETCATALOG_COMPILER_APPICON_NAME = AppIcon;
				ASSETCATALOG_COMPILER_GLOBAL_ACCENT_COLOR_NAME = AccentColor;
				CODE_SIGN_STYLE = Automatic;
				CURRENT_PROJECT_VERSION = 1;
				DEVELOPMENT_TEAM = 2LN7M6KTA4;
				ENABLE_PREVIEWS = YES;
				GENERATE_INFOPLIST_FILE = YES;
				INFOPLIST_FILE = KadoZero/Info.plist;
				INFOPLIST_KEY_API_BASE_URL = "";
				INFOPLIST_KEY_UIApplicationSceneManifest_Generation = YES;
				INFOPLIST_KEY_UIApplicationSupportsIndirectInputEvents = YES;
				INFOPLIST_KEY_UILaunchScreen_Generation = YES;
				INFOPLIST_KEY_UISupportedInterfaceOrientations_iPad = "UIInterfaceOrientationPortrait UIInterfaceOrientationPortraitUpsideDown UIInterfaceOrientationLandscapeLeft UIInterfaceOrientationLandscapeRight";
				INFOPLIST_KEY_UISupportedInterfaceOrientations_iPhone = "UIInterfaceOrientationPortrait UIInterfaceOrientationLandscapeLeft UIInterfaceOrientationLandscapeRight";
				KADOZERO_API_BASE_URL = "https://kadozero-api.onrender.com";
				LD_RUNPATH_SEARCH_PATHS = (
					"$(inherited)",
					"@executable_path/Frameworks",
				);
				LIBRARY_SEARCH_PATHS = (
					"$(inherited)",
					"$(PROJECT_DIR)/backend/.venv/lib/python3.11/site-packages/pydantic_core",
				);
				MARKETING_VERSION = 1.0;
				PRODUCT_BUNDLE_IDENTIFIER = com.nishik.KadoZero;
				PRODUCT_NAME = "$(TARGET_NAME)";
				STRING_CATALOG_GENERATE_SYMBOLS = YES;
				SWIFT_APPROACHABLE_CONCURRENCY = YES;
				SWIFT_DEFAULT_ACTOR_ISOLATION = MainActor;
				SWIFT_EMIT_LOC_STRINGS = YES;
				SWIFT_UPCOMING_FEATURE_MEMBER_IMPORT_VISIBILITY = YES;
				SWIFT_VERSION = 5.0;
				TARGETED_DEVICE_FAMILY = "1,2";
			};
			name = Release;
		};
		082C15742F971181005CF1FF /* Debug */ = {
			isa = XCBuildConfiguration;
			buildSettings = {
				BUNDLE_LOADER = "$(TEST_HOST)";
				CODE_SIGN_STYLE = Automatic;
				CURRENT_PROJECT_VERSION = 1;
				DEVELOPMENT_TEAM = 2LN7M6KTA4;
				GENERATE_INFOPLIST_FILE = YES;
				IPHONEOS_DEPLOYMENT_TARGET = 26.2;
				MARKETING_VERSION = 1.0;
				PRODUCT_BUNDLE_IDENTIFIER = com.nishik.KadoZeroTests;
				PRODUCT_NAME = "$(TARGET_NAME)";
				STRING_CATALOG_GENERATE_SYMBOLS = NO;
				SWIFT_APPROACHABLE_CONCURRENCY = YES;
				SWIFT_EMIT_LOC_STRINGS = NO;
				SWIFT_UPCOMING_FEATURE_MEMBER_IMPORT_VISIBILITY = YES;
				SWIFT_VERSION = 5.0;
				TARGETED_DEVICE_FAMILY = "1,2";
				TEST_HOST = "$(BUILT_PRODUCTS_DIR)/KadoZero.app/$(BUNDLE_EXECUTABLE_FOLDER_PATH)/KadoZero";
			};
			name = Debug;
		};
		082C15752F971181005CF1FF /* Release */ = {
			isa = XCBuildConfiguration;
			buildSettings = {
				BUNDLE_LOADER = "$(TEST_HOST)";
				CODE_SIGN_STYLE = Automatic;
				CURRENT_PROJECT_VERSION = 1;
				DEVELOPMENT_TEAM = 2LN7M6KTA4;
				GENERATE_INFOPLIST_FILE = YES;
				IPHONEOS_DEPLOYMENT_TARGET = 26.2;
				MARKETING_VERSION = 1.0;
				PRODUCT_BUNDLE_IDENTIFIER = com.nishik.KadoZeroTests;
				PRODUCT_NAME = "$(TARGET_NAME)";
				STRING_CATALOG_GENERATE_SYMBOLS = NO;
				SWIFT_APPROACHABLE_CONCURRENCY = YES;
				SWIFT_EMIT_LOC_STRINGS = NO;
				SWIFT_UPCOMING_FEATURE_MEMBER_IMPORT_VISIBILITY = YES;
				SWIFT_VERSION = 5.0;
				TARGETED_DEVICE_FAMILY = "1,2";
				TEST_HOST = "$(BUILT_PRODUCTS_DIR)/KadoZero.app/$(BUNDLE_EXECUTABLE_FOLDER_PATH)/KadoZero";
			};
			name = Release;
		};
		082C15772F971181005CF1FF /* Debug */ = {
			isa = XCBuildConfiguration;
			buildSettings = {
				CODE_SIGN_STYLE = Automatic;
				CURRENT_PROJECT_VERSION = 1;
				DEVELOPMENT_TEAM = 2LN7M6KTA4;
				GENERATE_INFOPLIST_FILE = YES;
				MARKETING_VERSION = 1.0;
				PRODUCT_BUNDLE_IDENTIFIER = com.nishik.KadoZeroUITests;
				PRODUCT_NAME = "$(TARGET_NAME)";
				STRING_CATALOG_GENERATE_SYMBOLS = NO;
				SWIFT_APPROACHABLE_CONCURRENCY = YES;
				SWIFT_EMIT_LOC_STRINGS = NO;
				SWIFT_UPCOMING_FEATURE_MEMBER_IMPORT_VISIBILITY = YES;
				SWIFT_VERSION = 5.0;
				TARGETED_DEVICE_FAMILY = "1,2";
				TEST_TARGET_NAME = KadoZero;
			};
			name = Debug;
		};
		082C15782F971181005CF1FF /* Release */ = {
			isa = XCBuildConfiguration;
			buildSettings = {
				CODE_SIGN_STYLE = Automatic;
				CURRENT_PROJECT_VERSION = 1;
				DEVELOPMENT_TEAM = 2LN7M6KTA4;
				GENERATE_INFOPLIST_FILE = YES;
				MARKETING_VERSION = 1.0;
				PRODUCT_BUNDLE_IDENTIFIER = com.nishik.KadoZeroUITests;
				PRODUCT_NAME = "$(TARGET_NAME)";
				STRING_CATALOG_GENERATE_SYMBOLS = NO;
				SWIFT_APPROACHABLE_CONCURRENCY = YES;
				SWIFT_EMIT_LOC_STRINGS = NO;
				SWIFT_UPCOMING_FEATURE_MEMBER_IMPORT_VISIBILITY = YES;
				SWIFT_VERSION = 5.0;
				TARGETED_DEVICE_FAMILY = "1,2";
				TEST_TARGET_NAME = KadoZero;
			};
			name = Release;
		};
/* End XCBuildConfiguration section */

/* Begin XCConfigurationList section */
		082C154A2F97117F005CF1FF /* Build configuration list for PBXProject "KadoZero" */ = {
			isa = XCConfigurationList;
			buildConfigurations = (
				082C156E2F971181005CF1FF /* Debug */,
				082C156F2F971181005CF1FF /* Release */,
			);
			defaultConfigurationIsVisible = 0;
			defaultConfigurationName = Release;
		};
		082C15702F971181005CF1FF /* Build configuration list for PBXNativeTarget "KadoZero" */ = {
			isa = XCConfigurationList;
			buildConfigurations = (
				082C15712F971181005CF1FF /* Debug */,
				082C15722F971181005CF1FF /* Release */,
			);
			defaultConfigurationIsVisible = 0;
			defaultConfigurationName = Release;
		};
		082C15732F971181005CF1FF /* Build configuration list for PBXNativeTarget "KadoZeroTests" */ = {
			isa = XCConfigurationList;
			buildConfigurations = (
				082C15742F971181005CF1FF /* Debug */,
				082C15752F971181005CF1FF /* Release */,
			);
			defaultConfigurationIsVisible = 0;
			defaultConfigurationName = Release;
		};
		082C15762F971181005CF1FF /* Build configuration list for PBXNativeTarget "KadoZeroUITests" */ = {
			isa = XCConfigurationList;
			buildConfigurations = (
				082C15772F971181005CF1FF /* Debug */,
				082C15782F971181005CF1FF /* Release */,
			);
			defaultConfigurationIsVisible = 0;
			defaultConfigurationName = Release;
		};
/* End XCConfigurationList section */
	};
	rootObject = 082C15472F97117F005CF1FF /* Project object */;
}
